
Microsoft Visual Studio Solution File, Format Version 12.00
# Visual Studio 14
VisualStudioVersion = 14.0.25123.0
MinimumVisualStudioVersion = 10.0.40219.1
Project("{2150E333-8FDC-42A3-9474-1A3956D46DE8}") = "src", "src", "{44AABA4A-1501-4495-B09E-44BB97A925C4}"
EndProject
Project("{2150E333-8FDC-42A3-9474-1A3956D46DE8}") = "Solution Items", "Solution Items", "{18F582E0-A3C7-4CA1-8305-748526FE60EC}"
	ProjectSection(SolutionItems) = preProject
		global.json = global.json
	EndProjectSection
EndProject
Project("{8BB2217D-0F2D-49D1-97BC-3654ED321F3B}") = "RestaurantFood", "src\RestaurantFood\RestaurantFood.xproj", "{CDC915B8-FE7E-4C0D-BBF2-A2B6FC2CA1AE}"
EndProject
Project("{8BB2217D-0F2D-49D1-97BC-3654ED321F3B}") = "Utilities", "src\Utilities\Utilities.xproj", "{4F2DAB15-80E2-4ECE-BFD0-95B456074EBF}"
EndProject
Global
	GlobalSection(SolutionConfigurationPlatforms) = preSolution
		Debug|Any CPU = Debug|Any CPU
		Release|Any CPU = Release|Any CPU
	EndGlobalSection
	GlobalSection(ProjectConfigurationPlatforms) = postSolution
		{CDC915B8-FE7E-4C0D-BBF2-A2B6FC2CA1AE}.Debug|Any CPU.ActiveCfg = Debug|Any CPU
		{CDC915B8-FE7E-4C0D-BBF2-A2B6FC2CA1AE}.Debug|Any CPU.Build.0 = Debug|Any CPU
		{CDC915B8-FE7E-4C0D-BBF2-A2B6FC2CA1AE}.Release|Any CPU.ActiveCfg = Release|Any CPU
		{CDC915B8-FE7E-4C0D-BBF2-A2B6FC2CA1AE}.Release|Any CPU.Build.0 = Release|Any CPU
		{4F2DAB15-80E2-4ECE-BFD0-95B456074EBF}.Debug|Any CPU.ActiveCfg = Debug|Any CPU
		{4F2DAB15-80E2-4ECE-BFD0-95B456074EBF}.Debug|Any CPU.Build.0 = Debug|Any CPU
		{4F2DAB15-80E2-4ECE-BFD0-95B456074EBF}.Release|Any CPU.ActiveCfg = Release|Any CPU
		{4F2DAB15-80E2-4ECE-BFD0-95B456074EBF}.Release|Any CPU.Build.0 = Release|Any CPU
	EndGlobalSection
	GlobalSection(SolutionProperties) = preSolution
		HideSolutionNode = FALSE
	EndGlobalSection
	GlobalSection(NestedProjects) = preSolution
		{CDC915B8-FE7E-4C0D-BBF2-A2B6FC2CA1AE} = {44AABA4A-1501-4495-B09E-44BB97A925C4}
		{4F2DAB15-80E2-4ECE-BFD0-95B456074EBF} = {44AABA4A-1501-4495-B09E-44BB97A925C4}
	EndGlobalSection
EndGlobal
